
Microsoft Visual Studio Solution File, Format Version 12.00
# Visual Studio Version 17
VisualStudioVersion = 17.1.32228.430
MinimumVisualStudioVersion = 10.0.40219.1
Project("{FAE04EC0-301F-11D3-BF4B-00C04F79EFBC}") = "TODOHighlighter", "TODOHighlighter\TODOHighlighter.csproj", "{97ECCC7F-8DFC-4ED2-853D-0C2BCF2AE79E}"
EndProject
Project("{2150E333-8FDC-42A3-9474-1A3956D46DE8}") = "Solution Items", "Solution Items", "{F7F55935-3FAB-48FA-A3DD-7F6016980FC5}"
	ProjectSection(SolutionItems) = preProject
		.editorconfig = .editorconfig
	EndProjectSection
EndProject
Global
	GlobalSection(SolutionConfigurationPlatforms) = preSolution
		Debug|Any CPU = Debug|Any CPU
		Debug|x86 = Debug|x86
		Release|Any CPU = Release|Any CPU
		Release|x86 = Release|x86
	EndGlobalSection
	GlobalSection(ProjectConfigurationPlatforms) = postSolution
		{97ECCC7F-8DFC-4ED2-853D-0C2BCF2AE79E}.Debug|Any CPU.ActiveCfg = Debug|Any CPU
		{97ECCC7F-8DFC-4ED2-853D-0C2BCF2AE79E}.Debug|Any CPU.Build.0 = Debug|Any CPU
		{97ECCC7F-8DFC-4ED2-853D-0C2BCF2AE79E}.Debug|x86.ActiveCfg = Debug|x86
		{97ECCC7F-8DFC-4ED2-853D-0C2BCF2AE79E}.Debug|x86.Build.0 = Debug|x86
		{97ECCC7F-8DFC-4ED2-853D-0C2BCF2AE79E}.Release|Any CPU.ActiveCfg = Release|Any CPU
		{97ECCC7F-8DFC-4ED2-853D-0C2BCF2AE79E}.Release|Any CPU.Build.0 = Release|Any CPU
		{97ECCC7F-8DFC-4ED2-853D-0C2BCF2AE79E}.Release|x86.ActiveCfg = Release|x86
		{97ECCC7F-8DFC-4ED2-853D-0C2BCF2AE79E}.Release|x86.Build.0 = Release|x86
	EndGlobalSection
	GlobalSection(SolutionProperties) = preSolution
		HideSolutionNode = FALSE
	EndGlobalSection
	GlobalSection(ExtensibilityGlobals) = postSolution
		SolutionGuid = {B769BFEA-A78B-461F-8D67-A4D09ECE18B3}
	EndGlobalSection
EndGlobal
